// !$*UTF8*$!
{
	archiveVersion = 1;
	classes = {
	};
	objectVersion = 51;
	objects = {

/* Begin PBXBuildFile section */
		A3BF5D9A257789B8003DF5AB /* AppDelegate.swift in Sources */ = {isa = PBXBuildFile; fileRef = A3BF5D99257789B8003DF5AB /* AppDelegate.swift */; };
		A3BF5D9C257789B8003DF5AB /* SceneDelegate.swift in Sources */ = {isa = PBXBuildFile; fileRef = A3BF5D9B257789B8003DF5AB /* SceneDelegate.swift */; };
		A3BF5D9E257789B8003DF5AB /* MainViewController.swift in Sources */ = {isa = PBXBuildFile; fileRef = A3BF5D9D257789B8003DF5AB /* MainViewController.swift */; };
		A3BF5DA1257789B8003DF5AB /* Main.storyboard in Resources */ = {isa = PBXBuildFile; fileRef = A3BF5D9F257789B8003DF5AB /* Main.storyboard */; };
		A3BF5DA3257789C0003DF5AB /* Assets.xcassets in Resources */ = {isa = PBXBuildFile; fileRef = A3BF5DA2257789C0003DF5AB /* Assets.xcassets */; };
		A3BF5DA6257789C0003DF5AB /* LaunchScreen.storyboard in Resources */ = {isa = PBXBuildFile; fileRef = A3BF5DA4257789C0003DF5AB /* LaunchScreen.storyboard */; };
		A3BF5DAE2577F420003DF5AB /* CustomTableViewCell.swift in Sources */ = {isa = PBXBuildFile; fileRef = A3BF5DAD2577F420003DF5AB /* CustomTableViewCell.swift */; };
		A3BF5DB02577FD6D003DF5AB /* PlaceModel.swift in Sources */ = {isa = PBXBuildFile; fileRef = A3BF5DAF2577FD6D003DF5AB /* PlaceModel.swift */; };
		A3BF5DB22578E32D003DF5AB /* NewPlaceTableViewController.swift in Sources */ = {isa = PBXBuildFile; fileRef = A3BF5DB12578E32D003DF5AB /* NewPlaceTableViewController.swift */; };
		A3BF5DB4257962CF003DF5AB /* StorageManager.swift in Sources */ = {isa = PBXBuildFile; fileRef = A3BF5DB3257962CF003DF5AB /* StorageManager.swift */; };
		AE5A4C2240C0860BDF43E75A /* Pods_MyPlaces.framework in Frameworks */ = {isa = PBXBuildFile; fileRef = 9301355816EB142E5E65F595 /* Pods_MyPlaces.framework */; };
/* End PBXBuildFile section */

/* Begin PBXFileReference section */
		9301355816EB142E5E65F595 /* Pods_MyPlaces.framework */ = {isa = PBXFileReference; explicitFileType = wrapper.framework; includeInIndex = 0; path = Pods_MyPlaces.framework; sourceTree = BUILT_PRODUCTS_DIR; };
		A0AFE4B38A6643686EA1D813 /* Pods-MyPlaces.debug.xcconfig */ = {isa = PBXFileReference; includeInIndex = 1; lastKnownFileType = text.xcconfig; name = "Pods-MyPlaces.debug.xcconfig"; path = "Target Support Files/Pods-MyPlaces/Pods-MyPlaces.debug.xcconfig"; sourceTree = "<group>"; };
		A3BF5D96257789B7003DF5AB /* MyPlaces.app */ = {isa = PBXFileReference; explicitFileType = wrapper.application; includeInIndex = 0; path = MyPlaces.app; sourceTree = BUILT_PRODUCTS_DIR; };
		A3BF5D99257789B8003DF5AB /* AppDelegate.swift */ = {isa = PBXFileReference; lastKnownFileType = sourcecode.swift; path = AppDelegate.swift; sourceTree = "<group>"; };
		A3BF5D9B257789B8003DF5AB /* SceneDelegate.swift */ = {isa = PBXFileReference; lastKnownFileType = sourcecode.swift; path = SceneDelegate.swift; sourceTree = "<group>"; };
		A3BF5D9D257789B8003DF5AB /* MainViewController.swift */ = {isa = PBXFileReference; lastKnownFileType = sourcecode.swift; path = MainViewController.swift; sourceTree = "<group>"; };
		A3BF5DA0257789B8003DF5AB /* Base */ = {isa = PBXFileReference; lastKnownFileType = file.storyboard; name = Base; path = Base.lproj/Main.storyboard; sourceTree = "<group>"; };
		A3BF5DA2257789C0003DF5AB /* Assets.xcassets */ = {isa = PBXFileReference; lastKnownFileType = folder.assetcatalog; path = Assets.xcassets; sourceTree = "<group>"; };
		A3BF5DA5257789C0003DF5AB /* Base */ = {isa = PBXFileReference; lastKnownFileType = file.storyboard; name = Base; path = Base.lproj/LaunchScreen.storyboard; sourceTree = "<group>"; };
		A3BF5DA7257789C0003DF5AB /* Info.plist */ = {isa = PBXFileReference; lastKnownFileType = text.plist.xml; path = Info.plist; sourceTree = "<group>"; };
		A3BF5DAD2577F420003DF5AB /* CustomTableViewCell.swift */ = {isa = PBXFileReference; lastKnownFileType = sourcecode.swift; path = CustomTableViewCell.swift; sourceTree = "<group>"; };
		A3BF5DAF2577FD6D003DF5AB /* PlaceModel.swift */ = {isa = PBXFileReference; lastKnownFileType = sourcecode.swift; path = PlaceModel.swift; sourceTree = "<group>"; };
		A3BF5DB12578E32D003DF5AB /* NewPlaceTableViewController.swift */ = {isa = PBXFileReference; lastKnownFileType = sourcecode.swift; path = NewPlaceTableViewController.swift; sourceTree = "<group>"; };
		A3BF5DB3257962CF003DF5AB /* StorageManager.swift */ = {isa = PBXFileReference; lastKnownFileType = sourcecode.swift; path = StorageManager.swift; sourceTree = "<group>"; };
		D9F771B1CB7C978445651575 /* Pods-MyPlaces.release.xcconfig */ = {isa = PBXFileReference; includeInIndex = 1; lastKnownFileType = text.xcconfig; name = "Pods-MyPlaces.release.xcconfig"; path = "Target Support Files/Pods-MyPlaces/Pods-MyPlaces.release.xcconfig"; sourceTree = "<group>"; };
/* End PBXFileReference section */

/* Begin PBXFrameworksBuildPhase section */
		A3BF5D93257789B7003DF5AB /* Frameworks */ = {
			isa = PBXFrameworksBuildPhase;
			buildActionMask = 2147483647;
			files = (
				AE5A4C2240C0860BDF43E75A /* Pods_MyPlaces.framework in Frameworks */,
			);
			runOnlyForDeploymentPostprocessing = 0;
		};
/* End PBXFrameworksBuildPhase section */

/* Begin PBXGroup section */
		5C6D472D6CA43FC9FDA6C49C /* Frameworks */ = {
			isa = PBXGroup;
			children = (
				9301355816EB142E5E65F595 /* Pods_MyPlaces.framework */,
			);
			name = Frameworks;
			sourceTree = "<group>";
		};
		61CCB1DF2E101227F8BF4263 /* Pods */ = {
			isa = PBXGroup;
			children = (
				A0AFE4B38A6643686EA1D813 /* Pods-MyPlaces.debug.xcconfig */,
				D9F771B1CB7C978445651575 /* Pods-MyPlaces.release.xcconfig */,
			);
			path = Pods;
			sourceTree = "<group>";
		};
		A3BF5D8D257789B7003DF5AB = {
			isa = PBXGroup;
			children = (
				A3BF5D98257789B7003DF5AB /* MyPlaces */,
				A3BF5D97257789B7003DF5AB /* Products */,
				61CCB1DF2E101227F8BF4263 /* Pods */,
				5C6D472D6CA43FC9FDA6C49C /* Frameworks */,
			);
			sourceTree = "<group>";
		};
		A3BF5D97257789B7003DF5AB /* Products */ = {
			isa = PBXGroup;
			children = (
				A3BF5D96257789B7003DF5AB /* MyPlaces.app */,
			);
			name = Products;
			sourceTree = "<group>";
		};
		A3BF5D98257789B7003DF5AB /* MyPlaces */ = {
			isa = PBXGroup;
			children = (
				A3BF5D99257789B8003DF5AB /* AppDelegate.swift */,
				A3BF5D9B257789B8003DF5AB /* SceneDelegate.swift */,
				A3BF5D9D257789B8003DF5AB /* MainViewController.swift */,
				A3BF5DAF2577FD6D003DF5AB /* PlaceModel.swift */,
				A3BF5DB3257962CF003DF5AB /* StorageManager.swift */,
				A3BF5DAD2577F420003DF5AB /* CustomTableViewCell.swift */,
				A3BF5D9F257789B8003DF5AB /* Main.storyboard */,
				A3BF5DB12578E32D003DF5AB /* NewPlaceTableViewController.swift */,
				A3BF5DA2257789C0003DF5AB /* Assets.xcassets */,
				A3BF5DA4257789C0003DF5AB /* LaunchScreen.storyboard */,
				A3BF5DA7257789C0003DF5AB /* Info.plist */,
			);
			path = MyPlaces;
			sourceTree = "<group>";
		};
/* End PBXGroup section */

/* Begin PBXNativeTarget section */
		A3BF5D95257789B7003DF5AB /* MyPlaces */ = {
			isa = PBXNativeTarget;
			buildConfigurationList = A3BF5DAA257789C0003DF5AB /* Build configuration list for PBXNativeTarget "MyPlaces" */;
			buildPhases = (
				E008E9E283158D694E4FD8BA /* [CP] Check Pods Manifest.lock */,
				A3BF5D92257789B7003DF5AB /* Sources */,
				A3BF5D93257789B7003DF5AB /* Frameworks */,
				A3BF5D94257789B7003DF5AB /* Resources */,
				B164813088A48D45DF5B149C /* [CP] Embed Pods Frameworks */,
			);
			buildRules = (
			);
			dependencies = (
			);
			name = MyPlaces;
			productName = MyPlaces;
			productReference = A3BF5D96257789B7003DF5AB /* MyPlaces.app */;
			productType = "com.apple.product-type.application";
		};
/* End PBXNativeTarget section */

/* Begin PBXProject section */
		A3BF5D8E257789B7003DF5AB /* Project object */ = {
			isa = PBXProject;
			attributes = {
				LastSwiftUpdateCheck = 1160;
				LastUpgradeCheck = 1160;
				ORGANIZATIONNAME = "Julia Stodolya";
				TargetAttributes = {
					A3BF5D95257789B7003DF5AB = {
						CreatedOnToolsVersion = 11.6;
					};
				};
			};
			buildConfigurationList = A3BF5D91257789B7003DF5AB /* Build configuration list for PBXProject "MyPlaces" */;
			compatibilityVersion = "Xcode 9.3";
			developmentRegion = en;
			hasScannedForEncodings = 0;
			knownRegions = (
				en,
				Base,
			);
			mainGroup = A3BF5D8D257789B7003DF5AB;
			productRefGroup = A3BF5D97257789B7003DF5AB /* Products */;
			projectDirPath = "";
			projectRoot = "";
			targets = (
				A3BF5D95257789B7003DF5AB /* MyPlaces */,
			);
		};
/* End PBXProject section */

/* Begin PBXResourcesBuildPhase section */
		A3BF5D94257789B7003DF5AB /* Resources */ = {
			isa = PBXResourcesBuildPhase;
			buildActionMask = 2147483647;
			files = (
				A3BF5DA6257789C0003DF5AB /* LaunchScreen.storyboard in Resources */,
				A3BF5DA3257789C0003DF5AB /* Assets.xcassets in Resources */,
				A3BF5DA1257789B8003DF5AB /* Main.storyboard in Resources */,
			);
			runOnlyForDeploymentPostprocessing = 0;
		};
/* End PBXResourcesBuildPhase section */

/* Begin PBXShellScriptBuildPhase section */
		B164813088A48D45DF5B149C /* [CP] Embed Pods Frameworks */ = {
			isa = PBXShellScriptBuildPhase;
			buildActionMask = 2147483647;
			files = (
			);
			inputFileListPaths = (
				"${PODS_ROOT}/Target Support Files/Pods-MyPlaces/Pods-MyPlaces-frameworks-${CONFIGURATION}-input-files.xcfilelist",
			);
			name = "[CP] Embed Pods Frameworks";
			outputFileListPaths = (
				"${PODS_ROOT}/Target Support Files/Pods-MyPlaces/Pods-MyPlaces-frameworks-${CONFIGURATION}-output-files.xcfilelist",
			);
			runOnlyForDeploymentPostprocessing = 0;
			shellPath = /bin/sh;
			shellScript = "\"${PODS_ROOT}/Target Support Files/Pods-MyPlaces/Pods-MyPlaces-frameworks.sh\"\n";
			showEnvVarsInLog = 0;
		};
		E008E9E283158D694E4FD8BA /* [CP] Check Pods Manifest.lock */ = {
			isa = PBXShellScriptBuildPhase;
			buildActionMask = 2147483647;
			files = (
			);
			inputFileListPaths = (
			);
			inputPaths = (
				"${PODS_PODFILE_DIR_PATH}/Podfile.lock",
				"${PODS_ROOT}/Manifest.lock",
			);
			name = "[CP] Check Pods Manifest.lock";
			outputFileListPaths = (
			);
			outputPaths = (
				"$(DERIVED_FILE_DIR)/Pods-MyPlaces-checkManifestLockResult.txt",
			);
			runOnlyForDeploymentPostprocessing = 0;
			shellPath = /bin/sh;
			shellScript = "diff \"${PODS_PODFILE_DIR_PATH}/Podfile.lock\" \"${PODS_ROOT}/Manifest.lock\" > /dev/null\nif [ $? != 0 ] ; then\n    # print error to STDERR\n    echo \"error: The sandbox is not in sync with the Podfile.lock. Run 'pod install' or update your CocoaPods installation.\" >&2\n    exit 1\nfi\n# This output is used by Xcode 'outputs' to avoid re-running this script phase.\necho \"SUCCESS\" > \"${SCRIPT_OUTPUT_FILE_0}\"\n";
			showEnvVarsInLog = 0;
		};
/* End PBXShellScriptBuildPhase section */

/* Begin PBXSourcesBuildPhase section */
		A3BF5D92257789B7003DF5AB /* Sources */ = {
			isa = PBXSourcesBuildPhase;
			buildActionMask = 2147483647;
			files = (
				A3BF5DB22578E32D003DF5AB /* NewPlaceTableViewController.swift in Sources */,
				A3BF5D9E257789B8003DF5AB /* MainViewController.swift in Sources */,
				A3BF5D9A257789B8003DF5AB /* AppDelegate.swift in Sources */,
				A3BF5DB4257962CF003DF5AB /* StorageManager.swift in Sources */,
				A3BF5DB02577FD6D003DF5AB /* PlaceModel.swift in Sources */,
				A3BF5DAE2577F420003DF5AB /* CustomTableViewCell.swift in Sources */,
				A3BF5D9C257789B8003DF5AB /* SceneDelegate.swift in Sources */,
			);
			runOnlyForDeploymentPostprocessing = 0;
		};
/* End PBXSourcesBuildPhase section */

/* Begin PBXVariantGroup section */
		A3BF5D9F257789B8003DF5AB /* Main.storyboard */ = {
			isa = PBXVariantGroup;
			children = (
				A3BF5DA0257789B8003DF5AB /* Base */,
			);
			name = Main.storyboard;
			sourceTree = "<group>";
		};
		A3BF5DA4257789C0003DF5AB /* LaunchScreen.storyboard */ = {
			isa = PBXVariantGroup;
			children = (
				A3BF5DA5257789C0003DF5AB /* Base */,
			);
			name = LaunchScreen.storyboard;
			sourceTree = "<group>";
		};
/* End PBXVariantGroup section */

/* Begin XCBuildConfiguration section */
		A3BF5DA8257789C0003DF5AB /* Debug */ = {
			isa = XCBuildConfiguration;
			buildSettings = {
				ALWAYS_SEARCH_USER_PATHS = NO;
				CLANG_ANALYZER_NONNULL = YES;
				CLANG_ANALYZER_NUMBER_OBJECT_CONVERSION = YES_AGGRESSIVE;
				CLANG_CXX_LANGUAGE_STANDARD = "gnu++14";
				CLANG_CXX_LIBRARY = "libc++";
				CLANG_ENABLE_MODULES = YES;
				CLANG_ENABLE_OBJC_ARC = YES;
				CLANG_ENABLE_OBJC_WEAK = YES;
				CLANG_WARN_BLOCK_CAPTURE_AUTORELEASING = YES;
				CLANG_WARN_BOOL_CONVERSION = YES;
				CLANG_WARN_COMMA = YES;
				CLANG_WARN_CONSTANT_CONVERSION = YES;
				CLANG_WARN_DEPRECATED_OBJC_IMPLEMENTATIONS = YES;
				CLANG_WARN_DIRECT_OBJC_ISA_USAGE = YES_ERROR;
				CLANG_WARN_DOCUMENTATION_COMMENTS = YES;
				CLANG_WARN_EMPTY_BODY = YES;
				CLANG_WARN_ENUM_CONVERSION = YES;
				CLANG_WARN_INFINITE_RECURSION = YES;
				CLANG_WARN_INT_CONVERSION = YES;
				CLANG_WARN_NON_LITERAL_NULL_CONVERSION = YES;
				CLANG_WARN_OBJC_IMPLICIT_RETAIN_SELF = YES;
				CLANG_WARN_OBJC_LITERAL_CONVERSION = YES;
				CLANG_WARN_OBJC_ROOT_CLASS = YES_ERROR;
				CLANG_WARN_RANGE_LOOP_ANALYSIS = YES;
				CLANG_WARN_STRICT_PROTOTYPES = YES;
				CLANG_WARN_SUSPICIOUS_MOVE = YES;
				CLANG_WARN_UNGUARDED_AVAILABILITY = YES_AGGRESSIVE;
				CLANG_WARN_UNREACHABLE_CODE = YES;
				CLANG_WARN__DUPLICATE_METHOD_MATCH = YES;
				COPY_PHASE_STRIP = NO;
				DEBUG_INFORMATION_FORMAT = dwarf;
				ENABLE_STRICT_OBJC_MSGSEND = YES;
				ENABLE_TESTABILITY = YES;
				GCC_C_LANGUAGE_STANDARD = gnu11;
				GCC_DYNAMIC_NO_PIC = NO;
				GCC_NO_COMMON_BLOCKS = YES;
				GCC_OPTIMIZATION_LEVEL = 0;
				GCC_PREPROCESSOR_DEFINITIONS = (
					"DEBUG=1",
					"$(inherited)",
				);
				GCC_WARN_64_TO_32_BIT_CONVERSION = YES;
				GCC_WARN_ABOUT_RETURN_TYPE = YES_ERROR;
				GCC_WARN_UNDECLARED_SELECTOR = YES;
				GCC_WARN_UNINITIALIZED_AUTOS = YES_AGGRESSIVE;
				GCC_WARN_UNUSED_FUNCTION = YES;
				GCC_WARN_UNUSED_VARIABLE = YES;
				IPHONEOS_DEPLOYMENT_TARGET = 13.6;
				MTL_ENABLE_DEBUG_INFO = INCLUDE_SOURCE;
				MTL_FAST_MATH = YES;
				ONLY_ACTIVE_ARCH = YES;
				SDKROOT = iphoneos;
				SWIFT_ACTIVE_COMPILATION_CONDITIONS = DEBUG;
				SWIFT_OPTIMIZATION_LEVEL = "-Onone";
			};
			name = Debug;
		};
		A3BF5DA9257789C0003DF5AB /* Release */ = {
			isa = XCBuildConfiguration;
			buildSettings = {
				ALWAYS_SEARCH_USER_PATHS = NO;
				CLANG_ANALYZER_NONNULL = YES;
				CLANG_ANALYZER_NUMBER_OBJECT_CONVERSION = YES_AGGRESSIVE;
				CLANG_CXX_LANGUAGE_STANDARD = "gnu++14";
				CLANG_CXX_LIBRARY = "libc++";
				CLANG_ENABLE_MODULES = YES;
				CLANG_ENABLE_OBJC_ARC = YES;
				CLANG_ENABLE_OBJC_WEAK = YES;
				CLANG_WARN_BLOCK_CAPTURE_AUTORELEASING = YES;
				CLANG_WARN_BOOL_CONVERSION = YES;
				CLANG_WARN_COMMA = YES;
				CLANG_WARN_CONSTANT_CONVERSION = YES;
				CLANG_WARN_DEPRECATED_OBJC_IMPLEMENTATIONS = YES;
				CLANG_WARN_DIRECT_OBJC_ISA_USAGE = YES_ERROR;
				CLANG_WARN_DOCUMENTATION_COMMENTS = YES;
				CLANG_WARN_EMPTY_BODY = YES;
				CLANG_WARN_ENUM_CONVERSION = YES;
				CLANG_WARN_INFINITE_RECURSION = YES;
				CLANG_WARN_INT_CONVERSION = YES;
				CLANG_WARN_NON_LITERAL_NULL_CONVERSION = YES;
				CLANG_WARN_OBJC_IMPLICIT_RETAIN_SELF = YES;
				CLANG_WARN_OBJC_LITERAL_CONVERSION = YES;
				CLANG_WARN_OBJC_ROOT_CLASS = YES_ERROR;
				CLANG_WARN_RANGE_LOOP_ANALYSIS = YES;
				CLANG_WARN_STRICT_PROTOTYPES = YES;
				CLANG_WARN_SUSPICIOUS_MOVE = YES;
				CLANG_WARN_UNGUARDED_AVAILABILITY = YES_AGGRESSIVE;
				CLANG_WARN_UNREACHABLE_CODE = YES;
				CLANG_WARN__DUPLICATE_METHOD_MATCH = YES;
				COPY_PHASE_STRIP = NO;
				DEBUG_INFORMATION_FORMAT = "dwarf-with-dsym";
				ENABLE_NS_ASSERTIONS = NO;
				ENABLE_STRICT_OBJC_MSGSEND = YES;
				GCC_C_LANGUAGE_STANDARD = gnu11;
				GCC_NO_COMMON_BLOCKS = YES;
				GCC_WARN_64_TO_32_BIT_CONVERSION = YES;
				GCC_WARN_ABOUT_RETURN_TYPE = YES_ERROR;
				GCC_WARN_UNDECLARED_SELECTOR = YES;
				GCC_WARN_UNINITIALIZED_AUTOS = YES_AGGRESSIVE;
				GCC_WARN_UNUSED_FUNCTION = YES;
				GCC_WARN_UNUSED_VARIABLE = YES;
				IPHONEOS_DEPLOYMENT_TARGET = 13.6;
				MTL_ENABLE_DEBUG_INFO = NO;
				MTL_FAST_MATH = YES;
				SDKROOT = iphoneos;
				SWIFT_COMPILATION_MODE = wholemodule;
				SWIFT_OPTIMIZATION_LEVEL = "-O";
				VALIDATE_PRODUCT = YES;
			};
			name = Release;
		};
		A3BF5DAB257789C0003DF5AB /* Debug */ = {
			isa = XCBuildConfiguration;
			baseConfigurationReference = A0AFE4B38A6643686EA1D813 /* Pods-MyPlaces.debug.xcconfig */;
			buildSettings = {
				ASSETCATALOG_COMPILER_APPICON_NAME = AppIcon;
				CODE_SIGN_STYLE = Automatic;
				DEVELOPMENT_TEAM = 8PV7VS7TZ9;
				INFOPLIST_FILE = MyPlaces/Info.plist;
				LD_RUNPATH_SEARCH_PATHS = (
					"$(inherited)",
					"@executable_path/Frameworks",
				);
				PRODUCT_BUNDLE_IDENTIFIER = "Julia-Stodolya.MyPlaces";
				PRODUCT_NAME = "$(TARGET_NAME)";
				SWIFT_VERSION = 5.0;
				TARGETED_DEVICE_FAMILY = 1;
			};
			name = Debug;
		};
		A3BF5DAC257789C0003DF5AB /* Release */ = {
			isa = XCBuildConfiguration;
			baseConfigurationReference = D9F771B1CB7C978445651575 /* Pods-MyPlaces.release.xcconfig */;
			buildSettings = {
				ASSETCATALOG_COMPILER_APPICON_NAME = AppIcon;
				CODE_SIGN_STYLE = Automatic;
				DEVELOPMENT_TEAM = 8PV7VS7TZ9;
				INFOPLIST_FILE = MyPlaces/Info.plist;
				LD_RUNPATH_SEARCH_PATHS = (
					"$(inherited)",
					"@executable_path/Frameworks",
				);
				PRODUCT_BUNDLE_IDENTIFIER = "Julia-Stodolya.MyPlaces";
				PRODUCT_NAME = "$(TARGET_NAME)";
				SWIFT_VERSION = 5.0;
				TARGETED_DEVICE_FAMILY = 1;
			};
			name = Release;
		};
/* End XCBuildConfiguration section */

/* Begin XCConfigurationList section */
		A3BF5D91257789B7003DF5AB /* Build configuration list for PBXProject "MyPlaces" */ = {
			isa = XCConfigurationList;
			buildConfigurations = (
				A3BF5DA8257789C0003DF5AB /* Debug */,
				A3BF5DA9257789C0003DF5AB /* Release */,
			);
			defaultConfigurationIsVisible = 0;
			defaultConfigurationName = Release;
		};
		A3BF5DAA257789C0003DF5AB /* Build configuration list for PBXNativeTarget "MyPlaces" */ = {
			isa = XCConfigurationList;
			buildConfigurations = (
				A3BF5DAB257789C0003DF5AB /* Debug */,
				A3BF5DAC257789C0003DF5AB /* Release */,
			);
			defaultConfigurationIsVisible = 0;
			defaultConfigurationName = Release;
		};
/* End XCConfigurationList section */
	};
	rootObject = A3BF5D8E257789B7003DF5AB /* Project object */;
}
